// !$*UTF8*$!
{
	archiveVersion = 1;
	classes = {
	};
	objectVersion = 90;
	objects = {

/* Begin PBXBuildFile section */
		B0539BB42B32172200A5243B /* SnippetConverterCore in Frameworks */ = {isa = PBXBuildFile; productRef = B0539BB32B32172200A5243B /* SnippetConverterCore */; };
/* End PBXBuildFile section */

/* Begin PBXContainerItemProxy section */
		B02ABC652B320DEF0059C1B5 /* PBXContainerItemProxy */ = {
			isa = PBXContainerItemProxy;
			containerPortal = B02ABC4B2B320DED0059C1B5 /* Project object */;
			proxyType = 1;
			remoteGlobalIDString = B02ABC522B320DED0059C1B5;
			remoteInfo = SnippetConverter;
		};
		B02ABC6F2B320DEF0059C1B5 /* PBXContainerItemProxy */ = {
			isa = PBXContainerItemProxy;
			containerPortal = B02ABC4B2B320DED0059C1B5 /* Project object */;
			proxyType = 1;
			remoteGlobalIDString = B02ABC522B320DED0059C1B5;
			remoteInfo = SnippetConverter;
		};
/* End PBXContainerItemProxy section */

/* Begin PBXFileReference section */
		B02ABC532B320DED0059C1B5 /* SnippetConverter.app */ = {isa = PBXFileReference; explicitFileType = wrapper.application; includeInIndex = 0; path = SnippetConverter.app; sourceTree = BUILT_PRODUCTS_DIR; };
		B02ABC642B320DEF0059C1B5 /* SnippetConverterTests.xctest */ = {isa = PBXFileReference; explicitFileType = wrapper.cfbundle; includeInIndex = 0; path = SnippetConverterTests.xctest; sourceTree = BUILT_PRODUCTS_DIR; };
		B02ABC6E2B320DEF0059C1B5 /* SnippetConverterUITests.xctest */ = {isa = PBXFileReference; explicitFileType = wrapper.cfbundle; includeInIndex = 0; path = SnippetConverterUITests.xctest; sourceTree = BUILT_PRODUCTS_DIR; };
		B0539BB12B320FC100A5243B /* Packages */ = {isa = PBXFileReference; lastKnownFileType = wrapper; path = Packages; sourceTree = "<group>"; };
		B0EC1A7E2E4E679B0054F371 /* UnitTests.xctestplan */ = {isa = PBXFileReference; lastKnownFileType = text; path = UnitTests.xctestplan; sourceTree = "<group>"; };
/* End PBXFileReference section */

/* Begin PBXFileSystemSynchronizedRootGroup section */
		B006006C2E4E509C008299F8 /* SnippetConverter */ = {
			isa = PBXFileSystemSynchronizedRootGroup;
			path = SnippetConverter;
			sourceTree = "<group>";
		};
		B00600752E4E50A1008299F8 /* SnippetConverterTests */ = {
			isa = PBXFileSystemSynchronizedRootGroup;
			path = SnippetConverterTests;
			sourceTree = "<group>";
		};
		B00600782E4E50A4008299F8 /* SnippetConverterUITests */ = {
			isa = PBXFileSystemSynchronizedRootGroup;
			path = SnippetConverterUITests;
			sourceTree = "<group>";
		};
/* End PBXFileSystemSynchronizedRootGroup section */

/* Begin PBXFrameworksBuildPhase section */
		B02ABC502B320DED0059C1B5 /* Frameworks */ = {
			isa = PBXFrameworksBuildPhase;
			files = (
				B0539BB42B32172200A5243B /* SnippetConverterCore in Frameworks */,
			);
		};
		B02ABC612B320DEF0059C1B5 /* Frameworks */ = {
			isa = PBXFrameworksBuildPhase;
			files = (
			);
		};
		B02ABC6B2B320DEF0059C1B5 /* Frameworks */ = {
			isa = PBXFrameworksBuildPhase;
			files = (
			);
		};
/* End PBXFrameworksBuildPhase section */

/* Begin PBXGroup section */
		B02ABC4A2B320DED0059C1B5 = {
			isa = PBXGroup;
			children = (
				B0EC1A7E2E4E679B0054F371 /* UnitTests.xctestplan */,
				B0539BB12B320FC100A5243B /* Packages */,
				B006006C2E4E509C008299F8 /* SnippetConverter */,
				B00600752E4E50A1008299F8 /* SnippetConverterTests */,
				B00600782E4E50A4008299F8 /* SnippetConverterUITests */,
				B02ABC542B320DED0059C1B5 /* Products */,
			);
			sourceTree = "<group>";
		};
		B02ABC542B320DED0059C1B5 /* Products */ = {
			isa = PBXGroup;
			children = (
				B02ABC532B320DED0059C1B5 /* SnippetConverter.app */,
				B02ABC642B320DEF0059C1B5 /* SnippetConverterTests.xctest */,
				B02ABC6E2B320DEF0059C1B5 /* SnippetConverterUITests.xctest */,
			);
			name = Products;
			sourceTree = "<group>";
		};
/* End PBXGroup section */

/* Begin PBXNativeTarget section */
		B02ABC522B320DED0059C1B5 /* SnippetConverter */ = {
			isa = PBXNativeTarget;
			buildConfigurationList = B02ABC782B320DEF0059C1B5 /* Build configuration list for PBXNativeTarget "SnippetConverter" */;
			buildPhases = (
				B02ABC4F2B320DED0059C1B5 /* Sources */,
				B02ABC502B320DED0059C1B5 /* Frameworks */,
				B02ABC512B320DED0059C1B5 /* Resources */,
			);
			buildRules = (
			);
			fileSystemSynchronizedGroups = (
				B006006C2E4E509C008299F8 /* SnippetConverter */,
			);
			name = SnippetConverter;
			packageProductDependencies = (
				B0539BB32B32172200A5243B /* SnippetConverterCore */,
			);
			productName = SnippetConverter;
			productReference = B02ABC532B320DED0059C1B5 /* SnippetConverter.app */;
			productType = "com.apple.product-type.application";
		};
		B02ABC632B320DEF0059C1B5 /* SnippetConverterTests */ = {
			isa = PBXNativeTarget;
			buildConfigurationList = B02ABC7B2B320DEF0059C1B5 /* Build configuration list for PBXNativeTarget "SnippetConverterTests" */;
			buildPhases = (
				B02ABC602B320DEF0059C1B5 /* Sources */,
				B02ABC612B320DEF0059C1B5 /* Frameworks */,
				B02ABC622B320DEF0059C1B5 /* Resources */,
			);
			buildRules = (
			);
			dependencies = (
				B02ABC662B320DEF0059C1B5 /* PBXTargetDependency */,
			);
			fileSystemSynchronizedGroups = (
				B00600752E4E50A1008299F8 /* SnippetConverterTests */,
			);
			name = SnippetConverterTests;
			productName = SnippetConverterTests;
			productReference = B02ABC642B320DEF0059C1B5 /* SnippetConverterTests.xctest */;
			productType = "com.apple.product-type.bundle.unit-test";
		};
		B02ABC6D2B320DEF0059C1B5 /* SnippetConverterUITests */ = {
			isa = PBXNativeTarget;
			buildConfigurationList = B02ABC7E2B320DEF0059C1B5 /* Build configuration list for PBXNativeTarget "SnippetConverterUITests" */;
			buildPhases = (
				B02ABC6A2B320DEF0059C1B5 /* Sources */,
				B02ABC6B2B320DEF0059C1B5 /* Frameworks */,
				B02ABC6C2B320DEF0059C1B5 /* Resources */,
			);
			buildRules = (
			);
			dependencies = (
				B02ABC702B320DEF0059C1B5 /* PBXTargetDependency */,
			);
			fileSystemSynchronizedGroups = (
				B00600782E4E50A4008299F8 /* SnippetConverterUITests */,
			);
			name = SnippetConverterUITests;
			productName = SnippetConverterUITests;
			productReference = B02ABC6E2B320DEF0059C1B5 /* SnippetConverterUITests.xctest */;
			productType = "com.apple.product-type.bundle.ui-testing";
		};
/* End PBXNativeTarget section */

/* Begin PBXProject section */
		B02ABC4B2B320DED0059C1B5 /* Project object */ = {
			isa = PBXProject;
			attributes = {
				BuildIndependentTargetsInParallel = 1;
				LastSwiftUpdateCheck = 1500;
				LastUpgradeCheck = 1500;
				TargetAttributes = {
					B02ABC522B320DED0059C1B5 = {
						CreatedOnToolsVersion = 15.0.1;
					};
					B02ABC632B320DEF0059C1B5 = {
						CreatedOnToolsVersion = 15.0.1;
						TestTargetID = B02ABC522B320DED0059C1B5;
					};
					B02ABC6D2B320DEF0059C1B5 = {
						CreatedOnToolsVersion = 15.0.1;
						TestTargetID = B02ABC522B320DED0059C1B5;
					};
				};
			};
			buildConfigurationList = B02ABC4E2B320DED0059C1B5 /* Build configuration list for PBXProject "SnippetConverter" */;
			developmentRegion = en;
			hasScannedForEncodings = 0;
			knownRegions = (
				en,
				Base,
			);
			mainGroup = B02ABC4A2B320DED0059C1B5;
			packageReferences = (
				B0539BB22B32172200A5243B /* XCLocalSwiftPackageReference "Packages" */,
			);
			preferredProjectObjectVersion = 90;
			productRefGroup = B02ABC542B320DED0059C1B5 /* Products */;
			projectDirPath = "";
			projectRoot = "";
			targets = (
				B02ABC522B320DED0059C1B5 /* SnippetConverter */,
				B02ABC632B320DEF0059C1B5 /* SnippetConverterTests */,
				B02ABC6D2B320DEF0059C1B5 /* SnippetConverterUITests */,
			);
		};
/* End PBXProject section */

/* Begin PBXResourcesBuildPhase section */
		B02ABC512B320DED0059C1B5 /* Resources */ = {
			isa = PBXResourcesBuildPhase;
			files = (
			);
		};
		B02ABC622B320DEF0059C1B5 /* Resources */ = {
			isa = PBXResourcesBuildPhase;
			files = (
			);
		};
		B02ABC6C2B320DEF0059C1B5 /* Resources */ = {
			isa = PBXResourcesBuildPhase;
			files = (
			);
		};
/* End PBXResourcesBuildPhase section */

/* Begin PBXSourcesBuildPhase section */
		B02ABC4F2B320DED0059C1B5 /* Sources */ = {
			isa = PBXSourcesBuildPhase;
			files = (
			);
		};
		B02ABC602B320DEF0059C1B5 /* Sources */ = {
			isa = PBXSourcesBuildPhase;
			files = (
			);
		};
		B02ABC6A2B320DEF0059C1B5 /* Sources */ = {
			isa = PBXSourcesBuildPhase;
			files = (
			);
		};
/* End PBXSourcesBuildPhase section */

/* Begin PBXTargetDependency section */
		B02ABC662B320DEF0059C1B5 /* PBXTargetDependency */ = {
			isa = PBXTargetDependency;
			target = B02ABC522B320DED0059C1B5 /* SnippetConverter */;
			targetProxy = B02ABC652B320DEF0059C1B5 /* PBXContainerItemProxy */;
		};
		B02ABC702B320DEF0059C1B5 /* PBXTargetDependency */ = {
			isa = PBXTargetDependency;
			target = B02ABC522B320DED0059C1B5 /* SnippetConverter */;
			targetProxy = B02ABC6F2B320DEF0059C1B5 /* PBXContainerItemProxy */;
		};
/* End PBXTargetDependency section */

/* Begin XCBuildConfiguration section */
		B02ABC762B320DEF0059C1B5 /* Debug configuration for PBXProject "SnippetConverter" */ = {
			isa = XCBuildConfiguration;
			buildSettings = {
				ALWAYS_SEARCH_USER_PATHS = NO;
				ASSETCATALOG_COMPILER_GENERATE_SWIFT_ASSET_SYMBOL_EXTENSIONS = YES;
				CLANG_ANALYZER_NONNULL = YES;
				CLANG_ANALYZER_NUMBER_OBJECT_CONVERSION = YES_AGGRESSIVE;
				CLANG_CXX_LANGUAGE_STANDARD = "gnu++20";
				CLANG_ENABLE_MODULES = YES;
				CLANG_ENABLE_OBJC_ARC = YES;
				CLANG_ENABLE_OBJC_WEAK = YES;
				CLANG_WARN_BLOCK_CAPTURE_AUTORELEASING = YES;
				CLANG_WARN_BOOL_CONVERSION = YES;
				CLANG_WARN_COMMA = YES;
				CLANG_WARN_CONSTANT_CONVERSION = YES;
				CLANG_WARN_DEPRECATED_OBJC_IMPLEMENTATIONS = YES;
				CLANG_WARN_DIRECT_OBJC_ISA_USAGE = YES_ERROR;
				CLANG_WARN_DOCUMENTATION_COMMENTS = YES;
				CLANG_WARN_EMPTY_BODY = YES;
				CLANG_WARN_ENUM_CONVERSION = YES;
				CLANG_WARN_INFINITE_RECURSION = YES;
				CLANG_WARN_INT_CONVERSION = YES;
				CLANG_WARN_NON_LITERAL_NULL_CONVERSION = YES;
				CLANG_WARN_OBJC_IMPLICIT_RETAIN_SELF = YES;
				CLANG_WARN_OBJC_LITERAL_CONVERSION = YES;
				CLANG_WARN_OBJC_ROOT_CLASS = YES_ERROR;
				CLANG_WARN_QUOTED_INCLUDE_IN_FRAMEWORK_HEADER = YES;
				CLANG_WARN_RANGE_LOOP_ANALYSIS = YES;
				CLANG_WARN_STRICT_PROTOTYPES = YES;
				CLANG_WARN_SUSPICIOUS_MOVE = YES;
				CLANG_WARN_UNGUARDED_AVAILABILITY = YES_AGGRESSIVE;
				CLANG_WARN_UNREACHABLE_CODE = YES;
				CLANG_WARN__DUPLICATE_METHOD_MATCH = YES;
				COPY_PHASE_STRIP = NO;
				DEBUG_INFORMATION_FORMAT = dwarf;
				ENABLE_STRICT_OBJC_MSGSEND = YES;
				ENABLE_TESTABILITY = YES;
				ENABLE_USER_SCRIPT_SANDBOXING = YES;
				GCC_C_LANGUAGE_STANDARD = gnu17;
				GCC_DYNAMIC_NO_PIC = NO;
				GCC_NO_COMMON_BLOCKS = YES;
				GCC_OPTIMIZATION_LEVEL = 0;
				GCC_PREPROCESSOR_DEFINITIONS = (
					"DEBUG=1",
					"$(inherited)",
				);
				GCC_WARN_64_TO_32_BIT_CONVERSION = YES;
				GCC_WARN_ABOUT_RETURN_TYPE = YES_ERROR;
				GCC_WARN_UNDECLARED_SELECTOR = YES;
				GCC_WARN_UNINITIALIZED_AUTOS = YES_AGGRESSIVE;
				GCC_WARN_UNUSED_FUNCTION = YES;
				GCC_WARN_UNUSED_VARIABLE = YES;
				LOCALIZATION_PREFERS_STRING_CATALOGS = YES;
				MACOSX_DEPLOYMENT_TARGET = 13.0;
				MTL_ENABLE_DEBUG_INFO = INCLUDE_SOURCE;
				MTL_FAST_MATH = YES;
				ONLY_ACTIVE_ARCH = YES;
				SDKROOT = macosx;
				SWIFT_ACTIVE_COMPILATION_CONDITIONS = "DEBUG $(inherited)";
				SWIFT_OPTIMIZATION_LEVEL = "-Onone";
			};
			name = Debug;
		};
		B02ABC772B320DEF0059C1B5 /* Release configuration for PBXProject "SnippetConverter" */ = {
			isa = XCBuildConfiguration;
			buildSettings = {
				ALWAYS_SEARCH_USER_PATHS = NO;
				ASSETCATALOG_COMPILER_GENERATE_SWIFT_ASSET_SYMBOL_EXTENSIONS = YES;
				CLANG_ANALYZER_NONNULL = YES;
				CLANG_ANALYZER_NUMBER_OBJECT_CONVERSION = YES_AGGRESSIVE;
				CLANG_CXX_LANGUAGE_STANDARD = "gnu++20";
				CLANG_ENABLE_MODULES = YES;
				CLANG_ENABLE_OBJC_ARC = YES;
				CLANG_ENABLE_OBJC_WEAK = YES;
				CLANG_WARN_BLOCK_CAPTURE_AUTORELEASING = YES;
				CLANG_WARN_BOOL_CONVERSION = YES;
				CLANG_WARN_COMMA = YES;
				CLANG_WARN_CONSTANT_CONVERSION = YES;
				CLANG_WARN_DEPRECATED_OBJC_IMPLEMENTATIONS = YES;
				CLANG_WARN_DIRECT_OBJC_ISA_USAGE = YES_ERROR;
				CLANG_WARN_DOCUMENTATION_COMMENTS = YES;
				CLANG_WARN_EMPTY_BODY = YES;
				CLANG_WARN_ENUM_CONVERSION = YES;
				CLANG_WARN_INFINITE_RECURSION = YES;
				CLANG_WARN_INT_CONVERSION = YES;
				CLANG_WARN_NON_LITERAL_NULL_CONVERSION = YES;
				CLANG_WARN_OBJC_IMPLICIT_RETAIN_SELF = YES;
				CLANG_WARN_OBJC_LITERAL_CONVERSION = YES;
				CLANG_WARN_OBJC_ROOT_CLASS = YES_ERROR;
				CLANG_WARN_QUOTED_INCLUDE_IN_FRAMEWORK_HEADER = YES;
				CLANG_WARN_RANGE_LOOP_ANALYSIS = YES;
				CLANG_WARN_STRICT_PROTOTYPES = YES;
				CLANG_WARN_SUSPICIOUS_MOVE = YES;
				CLANG_WARN_UNGUARDED_AVAILABILITY = YES_AGGRESSIVE;
				CLANG_WARN_UNREACHABLE_CODE = YES;
				CLANG_WARN__DUPLICATE_METHOD_MATCH = YES;
				COPY_PHASE_STRIP = NO;
				DEBUG_INFORMATION_FORMAT = "dwarf-with-dsym";
				ENABLE_NS_ASSERTIONS = NO;
				ENABLE_STRICT_OBJC_MSGSEND = YES;
				ENABLE_USER_SCRIPT_SANDBOXING = YES;
				GCC_C_LANGUAGE_STANDARD = gnu17;
				GCC_NO_COMMON_BLOCKS = YES;
				GCC_WARN_64_TO_32_BIT_CONVERSION = YES;
				GCC_WARN_ABOUT_RETURN_TYPE = YES_ERROR;
				GCC_WARN_UNDECLARED_SELECTOR = YES;
				GCC_WARN_UNINITIALIZED_AUTOS = YES_AGGRESSIVE;
				GCC_WARN_UNUSED_FUNCTION = YES;
				GCC_WARN_UNUSED_VARIABLE = YES;
				LOCALIZATION_PREFERS_STRING_CATALOGS = YES;
				MACOSX_DEPLOYMENT_TARGET = 13.0;
				MTL_ENABLE_DEBUG_INFO = NO;
				MTL_FAST_MATH = YES;
				SDKROOT = macosx;
				SWIFT_COMPILATION_MODE = wholemodule;
			};
			name = Release;
		};
		B02ABC792B320DEF0059C1B5 /* Debug configuration for PBXNativeTarget "SnippetConverter" */ = {
			isa = XCBuildConfiguration;
			buildSettings = {
				ASSETCATALOG_COMPILER_APPICON_NAME = AppIcon;
				ASSETCATALOG_COMPILER_GLOBAL_ACCENT_COLOR_NAME = AccentColor;
				CODE_SIGN_ENTITLEMENTS = SnippetConverter/SnippetConverter.entitlements;
				CODE_SIGN_STYLE = Automatic;
				COMBINE_HIDPI_IMAGES = YES;
				CURRENT_PROJECT_VERSION = 1;
				DEVELOPMENT_ASSET_PATHS = "\"SnippetConverter/Preview Content\"";
				DEVELOPMENT_TEAM = TY9KXXP8XW;
				ENABLE_HARDENED_RUNTIME = YES;
				ENABLE_PREVIEWS = YES;
				GENERATE_INFOPLIST_FILE = YES;
				INFOPLIST_KEY_NSHumanReadableCopyright = "";
				LD_RUNPATH_SEARCH_PATHS = (
					"$(inherited)",
					"@executable_path/../Frameworks",
				);
				MARKETING_VERSION = 1.0;
				PRODUCT_BUNDLE_IDENTIFIER = com.bkunat.SnippetConverter;
				PRODUCT_NAME = "$(TARGET_NAME)";
				SWIFT_EMIT_LOC_STRINGS = YES;
				SWIFT_VERSION = 6.0;
			};
			name = Debug;
		};
		B02ABC7A2B320DEF0059C1B5 /* Release configuration for PBXNativeTarget "SnippetConverter" */ = {
			isa = XCBuildConfiguration;
			buildSettings = {
				ASSETCATALOG_COMPILER_APPICON_NAME = AppIcon;
				ASSETCATALOG_COMPILER_GLOBAL_ACCENT_COLOR_NAME = AccentColor;
				CODE_SIGN_ENTITLEMENTS = SnippetConverter/SnippetConverter.entitlements;
				CODE_SIGN_STYLE = Automatic;
				COMBINE_HIDPI_IMAGES = YES;
				CURRENT_PROJECT_VERSION = 1;
				DEVELOPMENT_ASSET_PATHS = "\"SnippetConverter/Preview Content\"";
				DEVELOPMENT_TEAM = TY9KXXP8XW;
				ENABLE_HARDENED_RUNTIME = YES;
				ENABLE_PREVIEWS = YES;
				GENERATE_INFOPLIST_FILE = YES;
				INFOPLIST_KEY_NSHumanReadableCopyright = "";
				LD_RUNPATH_SEARCH_PATHS = (
					"$(inherited)",
					"@executable_path/../Frameworks",
				);
				MARKETING_VERSION = 1.0;
				PRODUCT_BUNDLE_IDENTIFIER = com.bkunat.SnippetConverter;
				PRODUCT_NAME = "$(TARGET_NAME)";
				SWIFT_EMIT_LOC_STRINGS = YES;
				SWIFT_VERSION = 6.0;
			};
			name = Release;
		};
		B02ABC7C2B320DEF0059C1B5 /* Debug configuration for PBXNativeTarget "SnippetConverterTests" */ = {
			isa = XCBuildConfiguration;
			buildSettings = {
				BUNDLE_LOADER = "$(TEST_HOST)";
				CODE_SIGN_STYLE = Automatic;
				CURRENT_PROJECT_VERSION = 1;
				DEVELOPMENT_TEAM = TY9KXXP8XW;
				GENERATE_INFOPLIST_FILE = YES;
				MACOSX_DEPLOYMENT_TARGET = 14.0;
				MARKETING_VERSION = 1.0;
				PRODUCT_BUNDLE_IDENTIFIER = com.bkunat.SnippetConverterTests;
				PRODUCT_NAME = "$(TARGET_NAME)";
				SWIFT_EMIT_LOC_STRINGS = NO;
				SWIFT_VERSION = 5.0;
				TEST_HOST = "$(BUILT_PRODUCTS_DIR)/SnippetConverter.app/$(BUNDLE_EXECUTABLE_FOLDER_PATH)/SnippetConverter";
			};
			name = Debug;
		};
		B02ABC7D2B320DEF0059C1B5 /* Release configuration for PBXNativeTarget "SnippetConverterTests" */ = {
			isa = XCBuildConfiguration;
			buildSettings = {
				BUNDLE_LOADER = "$(TEST_HOST)";
				CODE_SIGN_STYLE = Automatic;
				CURRENT_PROJECT_VERSION = 1;
				DEVELOPMENT_TEAM = TY9KXXP8XW;
				GENERATE_INFOPLIST_FILE = YES;
				MACOSX_DEPLOYMENT_TARGET = 14.0;
				MARKETING_VERSION = 1.0;
				PRODUCT_BUNDLE_IDENTIFIER = com.bkunat.SnippetConverterTests;
				PRODUCT_NAME = "$(TARGET_NAME)";
				SWIFT_EMIT_LOC_STRINGS = NO;
				SWIFT_VERSION = 5.0;
				TEST_HOST = "$(BUILT_PRODUCTS_DIR)/SnippetConverter.app/$(BUNDLE_EXECUTABLE_FOLDER_PATH)/SnippetConverter";
			};
			name = Release;
		};
		B02ABC7F2B320DEF0059C1B5 /* Debug configuration for PBXNativeTarget "SnippetConverterUITests" */ = {
			isa = XCBuildConfiguration;
			buildSettings = {
				CODE_SIGN_STYLE = Automatic;
				CURRENT_PROJECT_VERSION = 1;
				DEVELOPMENT_TEAM = TY9KXXP8XW;
				GENERATE_INFOPLIST_FILE = YES;
				MARKETING_VERSION = 1.0;
				PRODUCT_BUNDLE_IDENTIFIER = com.bkunat.SnippetConverterUITests;
				PRODUCT_NAME = "$(TARGET_NAME)";
				SWIFT_EMIT_LOC_STRINGS = NO;
				SWIFT_VERSION = 5.0;
				TEST_TARGET_NAME = SnippetConverter;
			};
			name = Debug;
		};
		B02ABC802B320DEF0059C1B5 /* Release configuration for PBXNativeTarget "SnippetConverterUITests" */ = {
			isa = XCBuildConfiguration;
			buildSettings = {
				CODE_SIGN_STYLE = Automatic;
				CURRENT_PROJECT_VERSION = 1;
				DEVELOPMENT_TEAM = TY9KXXP8XW;
				GENERATE_INFOPLIST_FILE = YES;
				MARKETING_VERSION = 1.0;
				PRODUCT_BUNDLE_IDENTIFIER = com.bkunat.SnippetConverterUITests;
				PRODUCT_NAME = "$(TARGET_NAME)";
				SWIFT_EMIT_LOC_STRINGS = NO;
				SWIFT_VERSION = 5.0;
				TEST_TARGET_NAME = SnippetConverter;
			};
			name = Release;
		};
/* End XCBuildConfiguration section */

/* Begin XCConfigurationList section */
		B02ABC4E2B320DED0059C1B5 /* Build configuration list for PBXProject "SnippetConverter" */ = {
			isa = XCConfigurationList;
			buildConfigurations = (
				B02ABC762B320DEF0059C1B5 /* Debug configuration for PBXProject "SnippetConverter" */,
				B02ABC772B320DEF0059C1B5 /* Release configuration for PBXProject "SnippetConverter" */,
			);
			defaultConfigurationName = Release;
		};
		B02ABC782B320DEF0059C1B5 /* Build configuration list for PBXNativeTarget "SnippetConverter" */ = {
			isa = XCConfigurationList;
			buildConfigurations = (
				B02ABC792B320DEF0059C1B5 /* Debug configuration for PBXNativeTarget "SnippetConverter" */,
				B02ABC7A2B320DEF0059C1B5 /* Release configuration for PBXNativeTarget "SnippetConverter" */,
			);
			defaultConfigurationName = Release;
		};
		B02ABC7B2B320DEF0059C1B5 /* Build configuration list for PBXNativeTarget "SnippetConverterTests" */ = {
			isa = XCConfigurationList;
			buildConfigurations = (
				B02ABC7C2B320DEF0059C1B5 /* Debug configuration for PBXNativeTarget "SnippetConverterTests" */,
				B02ABC7D2B320DEF0059C1B5 /* Release configuration for PBXNativeTarget "SnippetConverterTests" */,
			);
			defaultConfigurationName = Release;
		};
		B02ABC7E2B320DEF0059C1B5 /* Build configuration list for PBXNativeTarget "SnippetConverterUITests" */ = {
			isa = XCConfigurationList;
			buildConfigurations = (
				B02ABC7F2B320DEF0059C1B5 /* Debug configuration for PBXNativeTarget "SnippetConverterUITests" */,
				B02ABC802B320DEF0059C1B5 /* Release configuration for PBXNativeTarget "SnippetConverterUITests" */,
			);
			defaultConfigurationName = Release;
		};
/* End XCConfigurationList section */

/* Begin XCLocalSwiftPackageReference section */
		B0539BB22B32172200A5243B /* XCLocalSwiftPackageReference "Packages" */ = {
			isa = XCLocalSwiftPackageReference;
			relativePath = Packages;
		};
/* End XCLocalSwiftPackageReference section */

/* Begin XCSwiftPackageProductDependency section */
		B0539BB32B32172200A5243B /* SnippetConverterCore */ = {
			isa = XCSwiftPackageProductDependency;
			productName = SnippetConverterCore;
		};
/* End XCSwiftPackageProductDependency section */
	};
	rootObject = B02ABC4B2B320DED0059C1B5 /* Project object */;
}
